
Microsoft Visual Studio Solution File, Format Version 12.00
# Visual Studio 15
VisualStudioVersion = 15.0.28307.136
MinimumVisualStudioVersion = 10.0.40219.1
Project("{888888A0-9F3D-457C-B088-3A5042F75D52}") = "py_miniweb", "py_miniweb\py_miniweb.pyproj", "{345D1D90-4253-421A-8517-B1EB2070879C}"
EndProject
Global
	GlobalSection(SolutionConfigurationPlatforms) = preSolution
		Debug|Any CPU = Debug|Any CPU
		Release|Any CPU = Release|Any CPU
	EndGlobalSection
	GlobalSection(ProjectConfigurationPlatforms) = postSolution
		{345D1D90-4253-421A-8517-B1EB2070879C}.Debug|Any CPU.ActiveCfg = Debug|Any CPU
		{345D1D90-4253-421A-8517-B1EB2070879C}.Release|Any CPU.ActiveCfg = Release|Any CPU
	EndGlobalSection
	GlobalSection(SolutionProperties) = preSolution
		HideSolutionNode = FALSE
	EndGlobalSection
	GlobalSection(ExtensibilityGlobals) = postSolution
		SolutionGuid = {6E605979-2EEE-4CBE-A25A-F11FCCBDE949}
	EndGlobalSection
EndGlobal
